<?xml version="1.0" encoding="utf-8"?>
<Project ToolsVersion="4.0" xmlns="http://schemas.microsoft.com/developer/msbuild/2003">
  <ItemGroup>
    <Filter Include="Include">
      <UniqueIdentifier>{8d786bff-3689-445f-b73d-35404967b362}</UniqueIdentifier>
    </Filter>
    <Filter Include="Source">
      <UniqueIdentifier>{7f6a7746-2d84-401e-be38-b3306b514151}</UniqueIdentifier>
    </Filter>
  </ItemGroup>
  <ItemGroup>
    <ClCompile Include="..\..\Source\Tests_Algorithms.cpp">
      <Filter>Source</Filter>
    </ClCompile>
    <ClCompile Include="..\..\Source\Tests_Array.cpp">
      <Filter>Source</Filter>
    </ClCompile>
    <ClCompile Include="..\..\Source\Tests_Ranges.cpp">
      <Filter>Source</Filter>
    </ClCompile>
  </ItemGroup>
  <ItemGroup>
    <ClInclude Include="..\..\Include\mu-core\Functors.h">
      <Filter>Include</Filter>
    </ClInclude>
    <ClInclude Include="..\..\Include\mu-core\Math.h">
      <Filter>Include</Filter>
    </ClInclude>
    <ClInclude Include="..\..\Include\mu-core\Metaprogramming.h">
      <Filter>Include</Filter>
    </ClInclude>
    <ClInclude Include="..\..\Include\mu-core\Ranges.h">
      <Filter>Include</Filter>
    </ClInclude>
    <ClInclude Include="..\..\Include\mu-core\Scope.h">
      <Filter>Include</Filter>
    </ClInclude>
    <ClInclude Include="..\..\Include\mu-core\Utils.h">
      <Filter>Include</Filter>
    </ClInclude>
    <ClInclude Include="..\..\Include\mu-core\Algorithms.h">
      <Filter>Include</Filter>
    </ClInclude>
    <ClInclude Include="..\..\Include\mu-core\Array.h">
      <Filter>Include</Filter>
    </ClInclude>
    <ClInclude Include="..\..\Include\mu-core\Debug.h">
      <Filter>Include</Filter>
    </ClInclude>
    <ClInclude Include="..\..\Include\mu-core\FileReader.h">
      <Filter>Include</Filter>
    </ClInclude>
    <ClInclude Include="..\..\Include\mu-core\String.h">
      <Filter>Include</Filter>
    </ClInclude>
    <ClInclude Include="..\..\Include\mu-core\mu-core.h">
      <Filter>Include</Filter>
    </ClInclude>
    <ClInclude Include="..\..\Include\mu-core\StringFormat.h">
      <Filter>Include</Filter>
    </ClInclude>
  </ItemGroup>
  <ItemGroup>
    <Natvis Include="..\mu-core.natvis" />
  </ItemGroup>
</Project>