<?xml version="1.0" encoding="utf-8"?>
<Project ToolsVersion="4.0" xmlns="http://schemas.microsoft.com/developer/msbuild/2003">
  <ItemGroup>
    <ClInclude Include="$(MSBuildThisFileDirectory)..\..\Include\mu-core\Algorithms.h" />
    <ClInclude Include="$(MSBuildThisFileDirectory)..\..\Include\mu-core\Array.h" />
    <ClInclude Include="$(MSBuildThisFileDirectory)..\..\Include\mu-core\BitArray.h" />
    <ClInclude Include="$(MSBuildThisFileDirectory)..\..\Include\mu-core\Debug.h" />
    <ClInclude Include="$(MSBuildThisFileDirectory)..\..\Include\mu-core\FileReader.h" />
    <ClInclude Include="$(MSBuildThisFileDirectory)..\..\Include\mu-core\FixedArray.h" />
    <ClInclude Include="$(MSBuildThisFileDirectory)..\..\Include\mu-core\Functors.h" />
    <ClInclude Include="$(MSBuildThisFileDirectory)..\..\Include\mu-core\Math.h" />
    <ClInclude Include="$(MSBuildThisFileDirectory)..\..\Include\mu-core\Metaprogramming.h" />
    <ClInclude Include="$(MSBuildThisFileDirectory)..\..\Include\mu-core\mu-core.h" />
    <ClInclude Include="$(MSBuildThisFileDirectory)..\..\Include\mu-core\Paths.h" />
    <ClInclude Include="$(MSBuildThisFileDirectory)..\..\Include\mu-core\PrimitiveTypes.h" />
    <ClInclude Include="$(MSBuildThisFileDirectory)..\..\Include\mu-core\Ranges.h" />
    <ClInclude Include="$(MSBuildThisFileDirectory)..\..\Include\mu-core\RefCountPtr.h" />
    <ClInclude Include="$(MSBuildThisFileDirectory)..\..\Include\mu-core\Scope.h" />
    <ClInclude Include="$(MSBuildThisFileDirectory)..\..\Include\mu-core\String.h" />
    <ClInclude Include="$(MSBuildThisFileDirectory)..\..\Include\mu-core\StringFormat.h" />
    <ClInclude Include="$(MSBuildThisFileDirectory)..\..\Include\mu-core\Utils.h" />
    <ClInclude Include="$(MSBuildThisFileDirectory)..\..\Include\mu-core\Pool.h" />
    <ClInclude Include="$(MSBuildThisFileDirectory)..\..\Include\mu-core\HashTable.h" />
    <ClInclude Include="$(MSBuildThisFileDirectory)..\..\Include\mu-core\IotaRange.h" />
    <ClInclude Include="$(MSBuildThisFileDirectory)..\..\Include\mu-core\PointerRange.h" />
    <ClInclude Include="$(MSBuildThisFileDirectory)..\..\Include\mu-core\RangeIteration.h" />
    <ClInclude Include="$(MSBuildThisFileDirectory)..\..\Include\mu-core\RangeWrappers.h" />
    <ClInclude Include="$(MSBuildThisFileDirectory)..\..\Include\mu-core\TransformRange.h" />
    <ClInclude Include="$(MSBuildThisFileDirectory)..\..\Include\mu-core\ZipRange.h" />
    <ClInclude Include="C:\Code\Projects\muteki\mu-core\Build_VS\mu-core\..\..\Source\SpookyV2.h">
      <Filter>SpookyHash</Filter>
    </ClInclude>
  </ItemGroup>
  <ItemGroup>
    <None Include="$(MSBuildThisFileDirectory)..\..\Include\mu-core\mu-core-tests.inl" />
  </ItemGroup>
  <ItemGroup>
    <ClCompile Include="$(MSBuildThisFileDirectory)..\..\Source\mu-core.cpp" />
    <ClCompile Include="C:\Code\Projects\muteki\mu-core\Build_VS\mu-core\..\..\Source\SpookyV2.cpp">
      <Filter>SpookyHash</Filter>
    </ClCompile>
  </ItemGroup>
  <ItemGroup>
    <Filter Include="SpookyHash">
      <UniqueIdentifier>{58440e5b-3f22-4f63-9377-ada31b9298c2}</UniqueIdentifier>
    </Filter>
  </ItemGroup>
  <ItemGroup>
    <Natvis Include="$(MSBuildThisFileDirectory)..\mu-core.natvis" />
  </ItemGroup>
</Project>