<?xml version="1.0" encoding="utf-8"?>
<Project ToolsVersion="4.0" xmlns="http://schemas.microsoft.com/developer/msbuild/2003">
  <ItemGroup>
    <ClInclude Include="..\..\Include\mu-core\Algorithms.h" />
    <ClInclude Include="..\..\Include\mu-core\Array.h" />
    <ClInclude Include="..\..\Include\mu-core\BitArray.h" />
    <ClInclude Include="..\..\Include\mu-core\Debug.h" />
    <ClInclude Include="..\..\Include\mu-core\FileReader.h" />
    <ClInclude Include="..\..\Include\mu-core\FixedArray.h" />
    <ClInclude Include="..\..\Include\mu-core\Functors.h" />
    <ClInclude Include="..\..\Include\mu-core\HashTable.h" />
    <ClInclude Include="..\..\Include\mu-core\IotaRange.h" />
    <ClInclude Include="..\..\Include\mu-core\Math.h" />
    <ClInclude Include="..\..\Include\mu-core\Metaprogramming.h" />
    <ClInclude Include="..\..\Include\mu-core\mu-core.h" />
    <ClInclude Include="..\..\Include\mu-core\Paths.h" />
    <ClInclude Include="..\..\Include\mu-core\PointerRange.h" />
    <ClInclude Include="..\..\Include\mu-core\Pool.h" />
    <ClInclude Include="..\..\Include\mu-core\PrimitiveTypes.h" />
    <ClInclude Include="..\..\Include\mu-core\RangeIteration.h" />
    <ClInclude Include="..\..\Include\mu-core\Ranges.h" />
    <ClInclude Include="..\..\Include\mu-core\RangeWrappers.h" />
    <ClInclude Include="..\..\Include\mu-core\RefCountPtr.h" />
    <ClInclude Include="..\..\Include\mu-core\Scope.h" />
    <ClInclude Include="..\..\Include\mu-core\String.h" />
    <ClInclude Include="..\..\Include\mu-core\StringFormat.h" />
    <ClInclude Include="..\..\Include\mu-core\TransformRange.h" />
    <ClInclude Include="..\..\Include\mu-core\Utils.h" />
    <ClInclude Include="..\..\Include\mu-core\ZipRange.h" />
    <ClInclude Include="..\..\Source\SpookyV2.h" />
  </ItemGroup>
  <ItemGroup>
    <None Include="..\..\Include\mu-core\mu-core-tests.inl" />
  </ItemGroup>
  <ItemGroup>
    <ClCompile Include="..\..\Source\mu-core.cpp" />
    <ClCompile Include="..\..\Source\SpookyV2.cpp" />
  </ItemGroup>
</Project>