<?xml version="1.0" encoding="utf-8"?>
<Project ToolsVersion="4.0" xmlns="http://schemas.microsoft.com/developer/msbuild/2003">
  <ItemGroup>
    <Filter Include="Include">
      <UniqueIdentifier>{dba9fadc-de90-42de-a33c-14f69329510b}</UniqueIdentifier>
    </Filter>
    <Filter Include="Source">
      <UniqueIdentifier>{743419a2-838e-4137-aebb-1c6c7ded1b08}</UniqueIdentifier>
    </Filter>
  </ItemGroup>
  <ItemGroup>
    <ClInclude Include="$(MSBuildThisFileDirectory)..\..\Include\mu-core\Algorithms.h" />
    <ClInclude Include="$(MSBuildThisFileDirectory)..\..\Include\mu-core\Array.h" />
    <ClInclude Include="$(MSBuildThisFileDirectory)..\..\Include\mu-core\BitArray.h" />
    <ClInclude Include="$(MSBuildThisFileDirectory)..\..\Include\mu-core\Debug.h" />
    <ClInclude Include="$(MSBuildThisFileDirectory)..\..\Include\mu-core\FileReader.h" />
    <ClInclude Include="$(MSBuildThisFileDirectory)..\..\Include\mu-core\FixedArray.h" />
    <ClInclude Include="$(MSBuildThisFileDirectory)..\..\Include\mu-core\Functors.h" />
    <ClInclude Include="$(MSBuildThisFileDirectory)..\..\Include\mu-core\Math.h" />
    <ClInclude Include="$(MSBuildThisFileDirectory)..\..\Include\mu-core\Metaprogramming.h" />
    <ClInclude Include="$(MSBuildThisFileDirectory)..\..\Include\mu-core\mu-core.h" />
    <ClInclude Include="$(MSBuildThisFileDirectory)..\..\Include\mu-core\Paths.h" />
    <ClInclude Include="$(MSBuildThisFileDirectory)..\..\Include\mu-core\PrimitiveTypes.h" />
    <ClInclude Include="$(MSBuildThisFileDirectory)..\..\Include\mu-core\Ranges.h" />
    <ClInclude Include="$(MSBuildThisFileDirectory)..\..\Include\mu-core\RefCountPtr.h" />
    <ClInclude Include="$(MSBuildThisFileDirectory)..\..\Include\mu-core\Scope.h" />
    <ClInclude Include="$(MSBuildThisFileDirectory)..\..\Include\mu-core\String.h" />
    <ClInclude Include="$(MSBuildThisFileDirectory)..\..\Include\mu-core\StringFormat.h" />
    <ClInclude Include="$(MSBuildThisFileDirectory)..\..\Include\mu-core\Utils.h" />
    <ClInclude Include="$(MSBuildThisFileDirectory)..\..\Include\mu-core\Pool.h" />
  </ItemGroup>
  <ItemGroup>
    <None Include="$(MSBuildThisFileDirectory)..\..\Source\mu-core-tests.inl" />
  </ItemGroup>
  <ItemGroup>
    <ClCompile Include="$(MSBuildThisFileDirectory)..\..\Source\mu-core.cpp" />
  </ItemGroup>
</Project>